<Solution>
  <Project Path="isbwc.client/isbwc.client.esproj">
    <Build />
    <Deploy />
  </Project>
  <Project Path="Domain/isbwc.Domain.csproj" />
  <Project Path="Application/isbwc.Application.csproj" />
  <Project Path="Infrastructure/isbwc.Infrastructure.csproj" />
  <Project Path="WebApi/isbwc.WebApi.csproj" />
</Solution>
