<Solution>
  <Project Path="isbwc.client/isbwc.client.esproj">
    <Build />
    <Deploy />
  </Project>
  <Project Path="src/Domain/isbwc.Domain.csproj" />
  <Project Path="src/Application/isbwc.Application.csproj" />
  <Project Path="src/Infrastructure/isbwc.Infrastructure.csproj" />
  <Project Path="src/WebApi/isbwc.WebApi.csproj" />
</Solution>
